dependencies:
- name: postgresql
  repository: oci://registry-1.docker.io/bitnamicharts
  version: 14.3.1
- name: redis
  repository: oci://registry-1.docker.io/bitnamicharts
  version: 18.19.1
digest: sha256:38962e231f6596b93f82a8412bbe4cf5de696caecf5775dfbbd163383eb1c009
generated: "2026-07-28T10:21:22.511401-07:00"
