dependencies:
- name: postgresql
  repository: oci://registry-1.docker.io/bitnamicharts
  version: 14.3.1
- name: redis
  repository: oci://registry-1.docker.io/bitnamicharts
  version: 18.19.1
- name: lens
  repository: oci://ghcr.io/berriai/charts
  version: 0.1.0-dev.0
digest: sha256:16b92c3d7fc74632e8aa11e602c136d273c774ed39b2fe970b80273e0570898b
generated: '2026-10-09T04:18:10.643228000Z'
