dependencies:
- name: postgresql
  repository: oci://registry-1.docker.io/bitnamicharts
  version: 14.3.1
- name: redis
  repository: oci://registry-1.docker.io/bitnamicharts
  version: 18.19.1
- name: k8s-aibom
  repository: oci://ghcr.io/googlecloudplatform/charts
  version: 1.5.1
digest: sha256:d4621c5d49e4bb7a107e67a5272056fbd4037c262495d8c31abc150de5198cb4
generated: "2026-09-29T16:54:10.796253-07:00"
