{
  "name": "litellm-e2e-client-apps",
  "lockfileVersion": 3,
  "requires": true,
  "packages": {
    "": {
      "name": "litellm-e2e-client-apps",
      "dependencies": {
        "@ai-sdk/openai": "4.0.72",
        "@anthropic-ai/claude-code": "2.1.278",
        "@openai/codex": "0.155.1",
        "ai": "7.0.109",
        "zod": "4.6.5"
      },
      "engines": {
        "node": ">=22"
      }
    },
    "node_modules/@ai-sdk/gateway": {
      "version": "4.0.88",
      "resolved": "https://registry.npmjs.org/@ai-sdk/gateway/-/gateway-4.0.88.tgz",
      "integrity": "sha512-hpEdOAqrp3FOShSytk6n8BZVZ/xrCV7L9hqYA6Q55h7sQknvh99QfC0uQAIbQWjh+66tmo1Fo6ndQla8uCJGyA==",
      "license": "Apache-2.0",
      "dependencies": {
        "@ai-sdk/provider": "4.0.17",
        "@ai-sdk/provider-utils": "5.0.45",
        "@vercel/oidc": "3.2.0"
      },
      "engines": {
        "node": ">=22"
      },
      "peerDependencies": {
        "zod": "^3.25.76 || ^4.1.8"
      }
    },
    "node_modules/@ai-sdk/openai": {
      "version": "4.0.72",
      "resolved": "https://registry.npmjs.org/@ai-sdk/openai/-/openai-4.0.72.tgz",
      "integrity": "sha512-X5dowqxAXPhu72FpspKX7P5nDycvl/Nt0Qi9A5VjdotV1SrJdhH4vOeWVdBootwEC6uY2hYN0SHAuL1fd4cV8Q==",
      "license": "Apache-2.0",
      "dependencies": {
        "@ai-sdk/provider": "4.0.17",
        "@ai-sdk/provider-utils": "5.0.45"
      },
      "engines": {
        "node": ">=22"
      },
      "peerDependencies": {
        "zod": "^3.25.76 || ^4.1.8"
      }
    },
    "node_modules/@ai-sdk/provider": {
      "version": "4.0.17",
      "resolved": "https://registry.npmjs.org/@ai-sdk/provider/-/provider-4.0.17.tgz",
      "integrity": "sha512-VYMBxIQdcHqbIf1j+YZlI9Ati6LZ4wJe0GGd4z4a5H/KxTggjeOiyaVYTnfF7LHZK5jMQ+rofmzz4QPqf++NUw==",
      "license": "Apache-2.0",
      "dependencies": {
        "json-schema": "^0.4.0"
      },
      "engines": {
        "node": ">=22"
      }
    },
    "node_modules/@ai-sdk/provider-utils": {
      "version": "5.0.45",
      "resolved": "https://registry.npmjs.org/@ai-sdk/provider-utils/-/provider-utils-5.0.45.tgz",
      "integrity": "sha512-gLuaCups8OCIRz3eO6WWz5op7VLYNNtFzyH0sWUr0FE9v7cTxR0qxDpQdrKnGcql+9WWttobjnZsJVsuEbsPQQ==",
      "license": "Apache-2.0",
      "dependencies": {
        "@ai-sdk/provider": "4.0.17",
        "@standard-schema/spec": "^1.1.0",
        "@workflow/serde": "4.1.0",
        "eventsource-parser": "^3.0.8",
        "undici": "^7.29.0"
      },
      "engines": {
        "node": ">=22"
      },
      "peerDependencies": {
        "zod": "^3.25.76 || ^4.1.8"
      }
    },
    "node_modules/@anthropic-ai/claude-code": {
      "version": "2.1.278",
      "resolved": "https://registry.npmjs.org/@anthropic-ai/claude-code/-/claude-code-2.1.278.tgz",
      "integrity": "sha512-mfNRqC0GaEXqmP97NiwJBeYBmRuqe2VzgLUreUUaEhyJxJWx2Z6ClW1tBOncGNNXdhj6EY4LPvUIWP+oq311CA==",
      "hasInstallScript": true,
      "license": "SEE LICENSE IN README.md",
      "bin": {
        "claude": "bin/claude.exe"
      },
      "engines": {
        "node": ">=22.0.0"
      },
      "optionalDependencies": {
        "@anthropic-ai/claude-code-darwin-arm64": "2.1.278",
        "@anthropic-ai/claude-code-darwin-x64": "2.1.278",
        "@anthropic-ai/claude-code-linux-arm64": "2.1.278",
        "@anthropic-ai/claude-code-linux-arm64-musl": "2.1.278",
        "@anthropic-ai/claude-code-linux-x64": "2.1.278",
        "@anthropic-ai/claude-code-linux-x64-musl": "2.1.278",
        "@anthropic-ai/claude-code-win32-arm64": "2.1.278",
        "@anthropic-ai/claude-code-win32-x64": "2.1.278"
      }
    },
    "node_modules/@anthropic-ai/claude-code-darwin-arm64": {
      "version": "2.1.278",
      "resolved": "https://registry.npmjs.org/@anthropic-ai/claude-code-darwin-arm64/-/claude-code-darwin-arm64-2.1.278.tgz",
      "integrity": "sha512-Jgl//CpT1KR1N8uxAN0CmkFu3eESU7GYzPOwdGH1pCENysJqYgo2LwsIrTol+EequNMrTG3kkrNW9mIoS8eWLg==",
      "cpu": [
        "arm64"
      ],
      "license": "SEE LICENSE IN LICENSE.md",
      "optional": true,
      "os": [
        "darwin"
      ]
    },
    "node_modules/@anthropic-ai/claude-code-darwin-x64": {
      "version": "2.1.278",
      "resolved": "https://registry.npmjs.org/@anthropic-ai/claude-code-darwin-x64/-/claude-code-darwin-x64-2.1.278.tgz",
      "integrity": "sha512-8ohVNWkdN3wE0P4yFnM7cm7Xd20kbXAHxu+rvqeBNeN8rKyZyPDUx06Zl/7/i9pfR8q9lZMY7kKA3dRxNNxvvg==",
      "cpu": [
        "x64"
      ],
      "license": "SEE LICENSE IN LICENSE.md",
      "optional": true,
      "os": [
        "darwin"
      ]
    },
    "node_modules/@anthropic-ai/claude-code-linux-arm64": {
      "version": "2.1.278",
      "resolved": "https://registry.npmjs.org/@anthropic-ai/claude-code-linux-arm64/-/claude-code-linux-arm64-2.1.278.tgz",
      "integrity": "sha512-QAsHwRVX03nXgAA7pTdvZSLguegbAAPuLG1vY09YHhkukqD6FlkSDwYqK9XFh4up8rFjK7qrzXtokuNULP0nEg==",
      "cpu": [
        "arm64"
      ],
      "libc": [
        "glibc"
      ],
      "license": "SEE LICENSE IN LICENSE.md",
      "optional": true,
      "os": [
        "linux"
      ]
    },
    "node_modules/@anthropic-ai/claude-code-linux-arm64-musl": {
      "version": "2.1.278",
      "resolved": "https://registry.npmjs.org/@anthropic-ai/claude-code-linux-arm64-musl/-/claude-code-linux-arm64-musl-2.1.278.tgz",
      "integrity": "sha512-fsroa4Z+4KCQACEYTVRYtnDbJYp3NLLVi53AUHRKKVYNhei92+rQdBxvGB81+ET4BUgfOlkwRt3+fnh7ndP9zg==",
      "cpu": [
        "arm64"
      ],
      "libc": [
        "musl"
      ],
      "license": "SEE LICENSE IN LICENSE.md",
      "optional": true,
      "os": [
        "linux"
      ]
    },
    "node_modules/@anthropic-ai/claude-code-linux-x64": {
      "version": "2.1.278",
      "resolved": "https://registry.npmjs.org/@anthropic-ai/claude-code-linux-x64/-/claude-code-linux-x64-2.1.278.tgz",
      "integrity": "sha512-q3r+5aLGAet1MGMkCH2xPsuIW9A40ws4zftURxhYwDenheCKvXc7Gr1jBwvEhYG8uQwgY3YsfNwnvIsh1Bjmeg==",
      "cpu": [
        "x64"
      ],
      "libc": [
        "glibc"
      ],
      "license": "SEE LICENSE IN LICENSE.md",
      "optional": true,
      "os": [
        "linux"
      ]
    },
    "node_modules/@anthropic-ai/claude-code-linux-x64-musl": {
      "version": "2.1.278",
      "resolved": "https://registry.npmjs.org/@anthropic-ai/claude-code-linux-x64-musl/-/claude-code-linux-x64-musl-2.1.278.tgz",
      "integrity": "sha512-fUYSGjtRFWBsxObXd75PaEl+hUsxHdZsWuDEh4WYgyFs9ljiNuPE/PgHh9y/lrysnH0K8HQmMs3mpFvw34KyzA==",
      "cpu": [
        "x64"
      ],
      "libc": [
        "musl"
      ],
      "license": "SEE LICENSE IN LICENSE.md",
      "optional": true,
      "os": [
        "linux"
      ]
    },
    "node_modules/@anthropic-ai/claude-code-win32-arm64": {
      "version": "2.1.278",
      "resolved": "https://registry.npmjs.org/@anthropic-ai/claude-code-win32-arm64/-/claude-code-win32-arm64-2.1.278.tgz",
      "integrity": "sha512-SQf1ZDCenMPc0730RaZsIR8n15x0kdYiwGsL5QBSIcFjxRpT5gnonf5rZ55aeaO9g2g/ZU2CT99RgqMxy5y0Hg==",
      "cpu": [
        "arm64"
      ],
      "license": "SEE LICENSE IN LICENSE.md",
      "optional": true,
      "os": [
        "win32"
      ]
    },
    "node_modules/@anthropic-ai/claude-code-win32-x64": {
      "version": "2.1.278",
      "resolved": "https://registry.npmjs.org/@anthropic-ai/claude-code-win32-x64/-/claude-code-win32-x64-2.1.278.tgz",
      "integrity": "sha512-8gwotnfAqgtuayi0m/Ajy5k+fochciv9Erdn7iqaCHM321cz5nOnJy0yCCkk4DsT0nG7kq67dOPXE9N4jdPz7Q==",
      "cpu": [
        "x64"
      ],
      "license": "SEE LICENSE IN LICENSE.md",
      "optional": true,
      "os": [
        "win32"
      ]
    },
    "node_modules/@openai/codex": {
      "version": "0.155.1",
      "resolved": "https://registry.npmjs.org/@openai/codex/-/codex-0.155.1.tgz",
      "integrity": "sha512-02fAAGyBtlA1zPjEo3kTj/bOSYbPz5DvjLwRZJdV7weFFEDzNFOMjQGmZ/+5CuirYV0hE+AZTrnjzwXYU4AdAQ==",
      "license": "Apache-2.0",
      "bin": {
        "codex": "bin/codex.js"
      },
      "engines": {
        "node": ">=16"
      },
      "optionalDependencies": {
        "@openai/codex-darwin-arm64": "npm:@openai/codex@0.155.1-darwin-arm64",
        "@openai/codex-darwin-x64": "npm:@openai/codex@0.155.1-darwin-x64",
        "@openai/codex-linux-arm64": "npm:@openai/codex@0.155.1-linux-arm64",
        "@openai/codex-linux-x64": "npm:@openai/codex@0.155.1-linux-x64",
        "@openai/codex-win32-arm64": "npm:@openai/codex@0.155.1-win32-arm64",
        "@openai/codex-win32-x64": "npm:@openai/codex@0.155.1-win32-x64"
      }
    },
    "node_modules/@openai/codex-darwin-arm64": {
      "name": "@openai/codex",
      "version": "0.155.1-darwin-arm64",
      "resolved": "https://registry.npmjs.org/@openai/codex/-/codex-0.155.1-darwin-arm64.tgz",
      "integrity": "sha512-cYxzGcRRoBrncyHlR8ed4yXwcoVJZC1pipGULSyJkGFKXJw/Uu57BklvzayuAptjJIipamnOk32CfUkk1F0bLw==",
      "cpu": [
        "arm64"
      ],
      "license": "Apache-2.0",
      "optional": true,
      "os": [
        "darwin"
      ],
      "engines": {
        "node": ">=16"
      }
    },
    "node_modules/@openai/codex-darwin-x64": {
      "name": "@openai/codex",
      "version": "0.155.1-darwin-x64",
      "resolved": "https://registry.npmjs.org/@openai/codex/-/codex-0.155.1-darwin-x64.tgz",
      "integrity": "sha512-FDpc+PdELYlyDnhd76Ckm6jNLF+1n3x34Ygd4QLQger810Vkxx/InQ5LY5jwkecJYKcbvyhMmuxTspaj1dLZrA==",
      "cpu": [
        "x64"
      ],
      "license": "Apache-2.0",
      "optional": true,
      "os": [
        "darwin"
      ],
      "engines": {
        "node": ">=16"
      }
    },
    "node_modules/@openai/codex-linux-arm64": {
      "name": "@openai/codex",
      "version": "0.155.1-linux-arm64",
      "resolved": "https://registry.npmjs.org/@openai/codex/-/codex-0.155.1-linux-arm64.tgz",
      "integrity": "sha512-X3fRXm2orhJ3KeB8LgKym4XDUiQaqaOGuaa181bcHTsQI7C8m6tcQQbQsKDzT/2IibikzgYL82jvsgMbq43jww==",
      "cpu": [
        "arm64"
      ],
      "license": "Apache-2.0",
      "optional": true,
      "os": [
        "linux"
      ],
      "engines": {
        "node": ">=16"
      }
    },
    "node_modules/@openai/codex-linux-x64": {
      "name": "@openai/codex",
      "version": "0.155.1-linux-x64",
      "resolved": "https://registry.npmjs.org/@openai/codex/-/codex-0.155.1-linux-x64.tgz",
      "integrity": "sha512-atv3HF0mubqB0J/XkQ2JopqKzXJ+/7aQtTB2MkJ9MrraujMIz8zbCCLylLkN3PzpVGTJzzQFN/wD1oq8oJPJKg==",
      "cpu": [
        "x64"
      ],
      "license": "Apache-2.0",
      "optional": true,
      "os": [
        "linux"
      ],
      "engines": {
        "node": ">=16"
      }
    },
    "node_modules/@openai/codex-win32-arm64": {
      "name": "@openai/codex",
      "version": "0.155.1-win32-arm64",
      "resolved": "https://registry.npmjs.org/@openai/codex/-/codex-0.155.1-win32-arm64.tgz",
      "integrity": "sha512-k5x8VO1aF8Xx/nuh1P31TeBgs11WA6i2GJiHqx5YCndFbWzOzUz6aeBaq9+PO6Qfe/Ivennh3I1FKJBU6Q8mpg==",
      "cpu": [
        "arm64"
      ],
      "license": "Apache-2.0",
      "optional": true,
      "os": [
        "win32"
      ],
      "engines": {
        "node": ">=16"
      }
    },
    "node_modules/@openai/codex-win32-x64": {
      "name": "@openai/codex",
      "version": "0.155.1-win32-x64",
      "resolved": "https://registry.npmjs.org/@openai/codex/-/codex-0.155.1-win32-x64.tgz",
      "integrity": "sha512-MO+cCZrgU0Ec7lJP/5NsTe5obJ9/qtRMkQUK0jYWTY1omxLA3lp5IOD2IAmsejlEJB931XRo51LZ7hl178CDjA==",
      "cpu": [
        "x64"
      ],
      "license": "Apache-2.0",
      "optional": true,
      "os": [
        "win32"
      ],
      "engines": {
        "node": ">=16"
      }
    },
    "node_modules/@standard-schema/spec": {
      "version": "1.1.0",
      "resolved": "https://registry.npmjs.org/@standard-schema/spec/-/spec-1.1.0.tgz",
      "integrity": "sha512-l2aFy5jALhniG5HgqrD6jXLi/rUWrKvqN/qJx6yoJsgKhblVd+iqqU4RCXavm/jPityDo5TCvKMnpjKnOriy0w==",
      "license": "MIT"
    },
    "node_modules/@vercel/oidc": {
      "version": "3.2.0",
      "resolved": "https://registry.npmjs.org/@vercel/oidc/-/oidc-3.2.0.tgz",
      "integrity": "sha512-UycprH3T6n3jH0k44NHMa7pnFHGu/N05MjojYr+Mc6I7obkoLIJujSWwin1pCvdy/eOxrI/l3uDLQsmcrOb4ug==",
      "license": "Apache-2.0",
      "engines": {
        "node": ">= 20"
      }
    },
    "node_modules/@workflow/serde": {
      "version": "4.1.0",
      "resolved": "https://registry.npmjs.org/@workflow/serde/-/serde-4.1.0.tgz",
      "integrity": "sha512-pav4F2BoirECWR7Nf1TKt+2eETcBj7jj4cBefQ8VXQCA6NPkaKeLfj/zMgi+3zYV5ZIBT4GuUiphsj0/b9hPQQ==",
      "license": "Apache-2.0"
    },
    "node_modules/ai": {
      "version": "7.0.109",
      "resolved": "https://registry.npmjs.org/ai/-/ai-7.0.109.tgz",
      "integrity": "sha512-hTnm8K4GIT0R6gHrnDJHr1KRnGVAtFa26mLtjqn/TGy+ufD5Y5XXerTEabLXVgmb9iunWxSFRCPOZUZ/VeXYLQ==",
      "license": "Apache-2.0",
      "dependencies": {
        "@ai-sdk/gateway": "4.0.88",
        "@ai-sdk/provider": "4.0.17",
        "@ai-sdk/provider-utils": "5.0.45"
      },
      "engines": {
        "node": ">=22"
      },
      "peerDependencies": {
        "zod": "^3.25.76 || ^4.1.8"
      }
    },
    "node_modules/eventsource-parser": {
      "version": "3.1.1",
      "resolved": "https://registry.npmjs.org/eventsource-parser/-/eventsource-parser-3.1.1.tgz",
      "integrity": "sha512-EKN1vKAMcZ8MlYMpaNuxN6R9yakzH6uajHcHVTqWJzvu5pWw9DyhbP35HH8MVBQ+dZjAfDxk+A8NiR9KWaXiyQ==",
      "license": "MIT",
      "engines": {
        "node": ">=18.0.0"
      }
    },
    "node_modules/json-schema": {
      "version": "0.4.0",
      "resolved": "https://registry.npmjs.org/json-schema/-/json-schema-0.4.0.tgz",
      "integrity": "sha512-es94M3nTIfsEPisRafak+HDLfHXnKBhV3vU5eqPcS3flIWqcxJWgXHXiey3YrpaNsanY5ei1VoYEbOzijuq9BA==",
      "license": "(AFL-2.1 OR BSD-3-Clause)"
    },
    "node_modules/undici": {
      "version": "7.29.1",
      "resolved": "https://registry.npmjs.org/undici/-/undici-7.29.1.tgz",
      "integrity": "sha512-RYONW2MeafgYlkVOKYKkA/Ag7BmXqgIWCa8t1m0JcxrQg9pI9lEqRhAOruOBCbAohOa/gkCF+iPi9hrgvTzu6Q==",
      "license": "MIT",
      "engines": {
        "node": ">=20.18.1"
      }
    },
    "node_modules/zod": {
      "version": "4.6.5",
      "resolved": "https://registry.npmjs.org/zod/-/zod-4.6.5.tgz",
      "integrity": "sha512-v5l/aFXZQeai4awLbOpSoHecE9UiMrnfx75tEXLjNonXVARxQ5mOeipTjROUchszUNCqnE+hqAMujRsRHsut2Q==",
      "license": "MIT",
      "funding": {
        "url": "https://github.com/sponsors/colinhacks"
      }
    }
  }
}
